// !$*UTF8*$!
{
	archiveVersion = 1;
	classes = {
	};
	objectVersion = 51;
	objects = {

/* Begin PBXBuildFile section */
		0064308ECAFA70DECF9C496D /* LaunchScreen.storyboard in Resources */ = {isa = PBXBuildFile; fileRef = 65E0A88177CADE99B4AC6F5E /* LaunchScreen.storyboard */; };
		4112B11F68D01C63B3E2363F /* Assets.xcassets in Resources */ = {isa = PBXBuildFile; fileRef = D9BFD62C01C8256C235B97A7 /* Assets.xcassets */; };
		690AADFBBD167BBB3C6A78CE /* Main.storyboard in Resources */ = {isa = PBXBuildFile; fileRef = 5953540C6021CBA3F4F07420 /* Main.storyboard */; };
		91F4F49A46C5A92C0CA1600E /* trumpet.mp3 in Resources */ = {isa = PBXBuildFile; fileRef = EBC843505CA5580787C919F4 /* trumpet.mp3 */; };
		CD0B95889AA8251606A6844A /* AppDelegate.swift in Sources */ = {isa = PBXBuildFile; fileRef = 240BB9F36333227F1E8A78E3 /* AppDelegate.swift */; };
		F015FFF3C1A70844E9236ED8 /* BeepViewController.swift in Sources */ = {isa = PBXBuildFile; fileRef = 6F99070810D543A303573A1F /* BeepViewController.swift */; };
/* End PBXBuildFile section */

/* Begin PBXFileReference section */
		0E7767335CC0F594228A3F77 /* Info.plist */ = {isa = PBXFileReference; lastKnownFileType = text.plist.xml; path = Info.plist; sourceTree = "<group>"; };
		240BB9F36333227F1E8A78E3 /* AppDelegate.swift */ = {isa = PBXFileReference; lastKnownFileType = sourcecode.swift; path = AppDelegate.swift; sourceTree = "<group>"; };
		670DA3A231C84D549C5CFB14 /* Base */ = {isa = PBXFileReference; lastKnownFileType = file.storyboard; name = Base; path = Base.lproj/Main.storyboard; sourceTree = "<group>"; };
		6F99070810D543A303573A1F /* BeepViewController.swift */ = {isa = PBXFileReference; lastKnownFileType = sourcecode.swift; path = BeepViewController.swift; sourceTree = "<group>"; };
		B9E7EF587EA7949B8EA3B3FA /* Base */ = {isa = PBXFileReference; lastKnownFileType = file.storyboard; name = Base; path = Base.lproj/LaunchScreen.storyboard; sourceTree = "<group>"; };
		D5DDC33A2E7014A4565C4823 /* Beep.app */ = {isa = PBXFileReference; includeInIndex = 0; lastKnownFileType = wrapper.application; path = Beep.app; sourceTree = BUILT_PRODUCTS_DIR; };
		D9BFD62C01C8256C235B97A7 /* Assets.xcassets */ = {isa = PBXFileReference; lastKnownFileType = folder.assetcatalog; path = Assets.xcassets; sourceTree = "<group>"; };
		EBC843505CA5580787C919F4 /* trumpet.mp3 */ = {isa = PBXFileReference; lastKnownFileType = audio.mp3; path = trumpet.mp3; sourceTree = "<group>"; };
/* End PBXFileReference section */

/* Begin PBXGroup section */
		04044730FA986C8DE9DFC7B5 = {
			isa = PBXGroup;
			children = (
				472B5880A06FF2BEA9572AD7 /* Beep */,
				C39E92F63115DC7D2D3EB758 /* Products */,
			);
			sourceTree = "<group>";
		};
		472B5880A06FF2BEA9572AD7 /* Beep */ = {
			isa = PBXGroup;
			children = (
				240BB9F36333227F1E8A78E3 /* AppDelegate.swift */,
				D9BFD62C01C8256C235B97A7 /* Assets.xcassets */,
				6F99070810D543A303573A1F /* BeepViewController.swift */,
				0E7767335CC0F594228A3F77 /* Info.plist */,
				65E0A88177CADE99B4AC6F5E /* LaunchScreen.storyboard */,
				5953540C6021CBA3F4F07420 /* Main.storyboard */,
				EBC843505CA5580787C919F4 /* trumpet.mp3 */,
			);
			path = Beep;
			sourceTree = "<group>";
		};
		C39E92F63115DC7D2D3EB758 /* Products */ = {
			isa = PBXGroup;
			children = (
				D5DDC33A2E7014A4565C4823 /* Beep.app */,
			);
			name = Products;
			sourceTree = "<group>";
		};
/* End PBXGroup section */

/* Begin PBXNativeTarget section */
		4E1E84473F88659B8C224DAF /* Beep */ = {
			isa = PBXNativeTarget;
			buildConfigurationList = A88B49A62424E5BF115E8955 /* Build configuration list for PBXNativeTarget "Beep" */;
			buildPhases = (
				BB0E674DAEBBE600706B8523 /* Sources */,
				F302C87AB85D8F8B56186D0E /* Resources */,
			);
			buildRules = (
			);
			dependencies = (
			);
			name = Beep;
			productName = Beep;
			productReference = D5DDC33A2E7014A4565C4823 /* Beep.app */;
			productType = "com.apple.product-type.application";
		};
/* End PBXNativeTarget section */

/* Begin PBXProject section */
		7B20E5A0EC915A61F761D5E2 /* Project object */ = {
			isa = PBXProject;
			attributes = {
				LastUpgradeCheck = 1020;
			};
			buildConfigurationList = 961FECD42314932DAB02CF59 /* Build configuration list for PBXProject "Beep" */;
			compatibilityVersion = "Xcode 10.0";
			developmentRegion = en;
			hasScannedForEncodings = 0;
			knownRegions = (
				Base,
			);
			mainGroup = 04044730FA986C8DE9DFC7B5;
			projectDirPath = "";
			projectRoot = "";
			targets = (
				4E1E84473F88659B8C224DAF /* Beep */,
			);
		};
/* End PBXProject section */

/* Begin PBXResourcesBuildPhase section */
		F302C87AB85D8F8B56186D0E /* Resources */ = {
			isa = PBXResourcesBuildPhase;
			buildActionMask = 2147483647;
			files = (
				4112B11F68D01C63B3E2363F /* Assets.xcassets in Resources */,
				0064308ECAFA70DECF9C496D /* LaunchScreen.storyboard in Resources */,
				690AADFBBD167BBB3C6A78CE /* Main.storyboard in Resources */,
				91F4F49A46C5A92C0CA1600E /* trumpet.mp3 in Resources */,
			);
			runOnlyForDeploymentPostprocessing = 0;
		};
/* End PBXResourcesBuildPhase section */

/* Begin PBXSourcesBuildPhase section */
		BB0E674DAEBBE600706B8523 /* Sources */ = {
			isa = PBXSourcesBuildPhase;
			buildActionMask = 2147483647;
			files = (
				CD0B95889AA8251606A6844A /* AppDelegate.swift in Sources */,
				F015FFF3C1A70844E9236ED8 /* BeepViewController.swift in Sources */,
			);
			runOnlyForDeploymentPostprocessing = 0;
		};
/* End PBXSourcesBuildPhase section */

/* Begin PBXVariantGroup section */
		5953540C6021CBA3F4F07420 /* Main.storyboard */ = {
			isa = PBXVariantGroup;
			children = (
				670DA3A231C84D549C5CFB14 /* Base */,
			);
			name = Main.storyboard;
			sourceTree = "<group>";
		};
		65E0A88177CADE99B4AC6F5E /* LaunchScreen.storyboard */ = {
			isa = PBXVariantGroup;
			children = (
				B9E7EF587EA7949B8EA3B3FA /* Base */,
			);
			name = LaunchScreen.storyboard;
			sourceTree = "<group>";
		};
/* End PBXVariantGroup section */

/* Begin XCBuildConfiguration section */
		76C8900B1ADD3E97296D72DC /* Release */ = {
			isa = XCBuildConfiguration;
			buildSettings = {
				ALWAYS_SEARCH_USER_PATHS = NO;
				CLANG_ANALYZER_NONNULL = YES;
				CLANG_ANALYZER_NUMBER_OBJECT_CONVERSION = YES_AGGRESSIVE;
				CLANG_CXX_LANGUAGE_STANDARD = "gnu++14";
				CLANG_CXX_LIBRARY = "libc++";
				CLANG_ENABLE_MODULES = YES;
				CLANG_ENABLE_OBJC_ARC = YES;
				CLANG_WARN_BLOCK_CAPTURE_AUTORELEASING = YES;
				CLANG_WARN_BOOL_CONVERSION = YES;
				CLANG_WARN_COMMA = YES;
				CLANG_WARN_CONSTANT_CONVERSION = YES;
				CLANG_WARN_DEPRECATED_OBJC_IMPLEMENTATIONS = YES;
				CLANG_WARN_DIRECT_OBJC_ISA_USAGE = YES_ERROR;
				CLANG_WARN_DOCUMENTATION_COMMENTS = YES;
				CLANG_WARN_EMPTY_BODY = YES;
				CLANG_WARN_ENUM_CONVERSION = YES;
				CLANG_WARN_INFINITE_RECURSION = YES;
				CLANG_WARN_INT_CONVERSION = YES;
				CLANG_WARN_NON_LITERAL_NULL_CONVERSION = YES;
				CLANG_WARN_OBJC_IMPLICIT_RETAIN_SELF = YES;
				CLANG_WARN_OBJC_LITERAL_CONVERSION = YES;
				CLANG_WARN_OBJC_ROOT_CLASS = YES_ERROR;
				CLANG_WARN_RANGE_LOOP_ANALYSIS = YES;
				CLANG_WARN_STRICT_PROTOTYPES = YES;
				CLANG_WARN_SUSPICIOUS_MOVE = YES;
				CLANG_WARN_UNGUARDED_AVAILABILITY = YES_AGGRESSIVE;
				CLANG_WARN_UNREACHABLE_CODE = YES;
				CLANG_WARN__DUPLICATE_METHOD_MATCH = YES;
				COPY_PHASE_STRIP = NO;
				DEBUG_INFORMATION_FORMAT = "dwarf-with-dsym";
				ENABLE_NS_ASSERTIONS = NO;
				ENABLE_STRICT_OBJC_MSGSEND = YES;
				GCC_C_LANGUAGE_STANDARD = gnu11;
				GCC_NO_COMMON_BLOCKS = YES;
				GCC_WARN_64_TO_32_BIT_CONVERSION = YES;
				GCC_WARN_ABOUT_RETURN_TYPE = YES_ERROR;
				GCC_WARN_UNDECLARED_SELECTOR = YES;
				GCC_WARN_UNINITIALIZED_AUTOS = YES_AGGRESSIVE;
				GCC_WARN_UNUSED_FUNCTION = YES;
				GCC_WARN_UNUSED_VARIABLE = YES;
				IPHONEOS_DEPLOYMENT_TARGET = 10.0;
				PRODUCT_NAME = "$(TARGET_NAME)";
				SDKROOT = iphoneos;
				SWIFT_COMPILATION_MODE = wholemodule;
				SWIFT_VERSION = 5.0;
				VALIDATE_PRODUCT = YES;
			};
			name = Release;
		};
		A54AFA588D5E9AA7C4C194AF /* Debug */ = {
			isa = XCBuildConfiguration;
			buildSettings = {
				ASSETCATALOG_COMPILER_APPICON_NAME = AppIcon;
				CODE_SIGN_IDENTITY = "iPhone Developer";
				INFOPLIST_FILE = Beep/Info.plist;
				LD_RUNPATH_SEARCH_PATHS = "$(inherited) @executable_path/Frameworks";
				PRODUCT_BUNDLE_IDENTIFIER = com.example.Beep;
				SDKROOT = iphoneos;
				SWIFT_VERSION = 5.0;
				TARGETED_DEVICE_FAMILY = "1,2";
			};
			name = Debug;
		};
		DB1E96D659FA1FB3DAC992A0 /* Debug */ = {
			isa = XCBuildConfiguration;
			buildSettings = {
				ALWAYS_SEARCH_USER_PATHS = NO;
				CLANG_ANALYZER_NONNULL = YES;
				CLANG_ANALYZER_NUMBER_OBJECT_CONVERSION = YES_AGGRESSIVE;
				CLANG_CXX_LANGUAGE_STANDARD = "gnu++14";
				CLANG_CXX_LIBRARY = "libc++";
				CLANG_ENABLE_MODULES = YES;
				CLANG_ENABLE_OBJC_ARC = YES;
				CLANG_WARN_BLOCK_CAPTURE_AUTORELEASING = YES;
				CLANG_WARN_BOOL_CONVERSION = YES;
				CLANG_WARN_COMMA = YES;
				CLANG_WARN_CONSTANT_CONVERSION = YES;
				CLANG_WARN_DEPRECATED_OBJC_IMPLEMENTATIONS = YES;
				CLANG_WARN_DIRECT_OBJC_ISA_USAGE = YES_ERROR;
				CLANG_WARN_DOCUMENTATION_COMMENTS = YES;
				CLANG_WARN_EMPTY_BODY = YES;
				CLANG_WARN_ENUM_CONVERSION = YES;
				CLANG_WARN_INFINITE_RECURSION = YES;
				CLANG_WARN_INT_CONVERSION = YES;
				CLANG_WARN_NON_LITERAL_NULL_CONVERSION = YES;
				CLANG_WARN_OBJC_IMPLICIT_RETAIN_SELF = YES;
				CLANG_WARN_OBJC_LITERAL_CONVERSION = YES;
				CLANG_WARN_OBJC_ROOT_CLASS = YES_ERROR;
				CLANG_WARN_RANGE_LOOP_ANALYSIS = YES;
				CLANG_WARN_STRICT_PROTOTYPES = YES;
				CLANG_WARN_SUSPICIOUS_MOVE = YES;
				CLANG_WARN_UNGUARDED_AVAILABILITY = YES_AGGRESSIVE;
				CLANG_WARN_UNREACHABLE_CODE = YES;
				CLANG_WARN__DUPLICATE_METHOD_MATCH = YES;
				COPY_PHASE_STRIP = NO;
				DEBUG_INFORMATION_FORMAT = dwarf;
				ENABLE_STRICT_OBJC_MSGSEND = YES;
				ENABLE_TESTABILITY = YES;
				GCC_C_LANGUAGE_STANDARD = gnu11;
				GCC_DYNAMIC_NO_PIC = NO;
				GCC_NO_COMMON_BLOCKS = YES;
				GCC_OPTIMIZATION_LEVEL = 0;
				GCC_PREPROCESSOR_DEFINITIONS = (
					"$(inherited)",
					"DEBUG=1",
				);
				GCC_WARN_64_TO_32_BIT_CONVERSION = YES;
				GCC_WARN_ABOUT_RETURN_TYPE = YES_ERROR;
				GCC_WARN_UNDECLARED_SELECTOR = YES;
				GCC_WARN_UNINITIALIZED_AUTOS = YES_AGGRESSIVE;
				GCC_WARN_UNUSED_FUNCTION = YES;
				GCC_WARN_UNUSED_VARIABLE = YES;
				IPHONEOS_DEPLOYMENT_TARGET = 10.0;
				MTL_ENABLE_DEBUG_INFO = YES;
				ONLY_ACTIVE_ARCH = YES;
				PRODUCT_NAME = "$(TARGET_NAME)";
				SDKROOT = iphoneos;
				SWIFT_ACTIVE_COMPILATION_CONDITIONS = DEBUG;
				SWIFT_OPTIMIZATION_LEVEL = "-Onone";
				SWIFT_VERSION = 5.0;
			};
			name = Debug;
		};
		DB3377A07C2505AE1D3BC74C /* Release */ = {
			isa = XCBuildConfiguration;
			buildSettings = {
				ASSETCATALOG_COMPILER_APPICON_NAME = AppIcon;
				CODE_SIGN_IDENTITY = "iPhone Developer";
				INFOPLIST_FILE = Beep/Info.plist;
				LD_RUNPATH_SEARCH_PATHS = "$(inherited) @executable_path/Frameworks";
				PRODUCT_BUNDLE_IDENTIFIER = com.example.Beep;
				SDKROOT = iphoneos;
				SWIFT_VERSION = 5.0;
				TARGETED_DEVICE_FAMILY = "1,2";
			};
			name = Release;
		};
/* End XCBuildConfiguration section */

/* Begin XCConfigurationList section */
		961FECD42314932DAB02CF59 /* Build configuration list for PBXProject "Beep" */ = {
			isa = XCConfigurationList;
			buildConfigurations = (
				DB1E96D659FA1FB3DAC992A0 /* Debug */,
				76C8900B1ADD3E97296D72DC /* Release */,
			);
			defaultConfigurationIsVisible = 0;
			defaultConfigurationName = Debug;
		};
		A88B49A62424E5BF115E8955 /* Build configuration list for PBXNativeTarget "Beep" */ = {
			isa = XCConfigurationList;
			buildConfigurations = (
				A54AFA588D5E9AA7C4C194AF /* Debug */,
				DB3377A07C2505AE1D3BC74C /* Release */,
			);
			defaultConfigurationIsVisible = 0;
			defaultConfigurationName = "";
		};
/* End XCConfigurationList section */
	};
	rootObject = 7B20E5A0EC915A61F761D5E2 /* Project object */;
}
